
Microsoft Visual Studio Solution File, Format Version 12.00
# Visual Studio Version 16
VisualStudioVersion = 16.0.29926.136
MinimumVisualStudioVersion = 10.0.40219.1
Project("{FAE04EC0-301F-11D3-BF4B-00C04F79EFBC}") = "Presentationlayer", "Presentationlayer.csproj", "{7760E51B-940B-4638-B562-B1C097DD2FBC}"
EndProject
Global
	GlobalSection(SolutionConfigurationPlatforms) = preSolution
		Debug|Any CPU = Debug|Any CPU
		Release|Any CPU = Release|Any CPU
	EndGlobalSection
	GlobalSection(ProjectConfigurationPlatforms) = postSolution
		{7760E51B-940B-4638-B562-B1C097DD2FBC}.Debug|Any CPU.ActiveCfg = Debug|Any CPU
		{7760E51B-940B-4638-B562-B1C097DD2FBC}.Debug|Any CPU.Build.0 = Debug|Any CPU
		{7760E51B-940B-4638-B562-B1C097DD2FBC}.Release|Any CPU.ActiveCfg = Release|Any CPU
		{7760E51B-940B-4638-B562-B1C097DD2FBC}.Release|Any CPU.Build.0 = Release|Any CPU
	EndGlobalSection
	GlobalSection(SolutionProperties) = preSolution
		HideSolutionNode = FALSE
	EndGlobalSection
	GlobalSection(ExtensibilityGlobals) = postSolution
		SolutionGuid = {47066DA8-7501-4BB0-B94A-8D0B2ED490B4}
	EndGlobalSection
EndGlobal
